
Microsoft Visual Studio Solution File, Format Version 12.00
# Visual Studio Version 17
VisualStudioVersion = 17.4.33205.214
MinimumVisualStudioVersion = 10.0.40219.1
Project("{FAE04EC0-301F-11D3-BF4B-00C04F79EFBC}") = "WebApplication1", "WebApplication1\WebApplication1.csproj", "{D2D37125-86E7-4E1B-BB50-0CA46BD4FDEF}"
EndProject
Global
	GlobalSection(SolutionConfigurationPlatforms) = preSolution
		Debug|Any CPU = Debug|Any CPU
		Release|Any CPU = Release|Any CPU
	EndGlobalSection
	GlobalSection(ProjectConfigurationPlatforms) = postSolution
		{D2D37125-86E7-4E1B-BB50-0CA46BD4FDEF}.Debug|Any CPU.ActiveCfg = Debug|Any CPU
		{D2D37125-86E7-4E1B-BB50-0CA46BD4FDEF}.Debug|Any CPU.Build.0 = Debug|Any CPU
		{D2D37125-86E7-4E1B-BB50-0CA46BD4FDEF}.Release|Any CPU.ActiveCfg = Release|Any CPU
		{D2D37125-86E7-4E1B-BB50-0CA46BD4FDEF}.Release|Any CPU.Build.0 = Release|Any CPU
	EndGlobalSection
	GlobalSection(SolutionProperties) = preSolution
		HideSolutionNode = FALSE
	EndGlobalSection
	GlobalSection(ExtensibilityGlobals) = postSolution
		SolutionGuid = {E8604661-1FBD-47F2-AD94-5033FDD5016F}
	EndGlobalSection
EndGlobal
